
Microsoft Visual Studio Solution File, Format Version 12.00
# Visual Studio Version 17
VisualStudioVersion = 17.9.34902.65
MinimumVisualStudioVersion = 10.0.40219.1
Project("{FAE04EC0-301F-11D3-BF4B-00C04F79EFBC}") = "KRGit1", "KRGit1\KRGit1.csproj", "{06CBAAD0-DA3B-49A6-A287-BDA6161087E9}"
EndProject
Global
	GlobalSection(SolutionConfigurationPlatforms) = preSolution
		Debug|Any CPU = Debug|Any CPU
		Release|Any CPU = Release|Any CPU
	EndGlobalSection
	GlobalSection(ProjectConfigurationPlatforms) = postSolution
		{06CBAAD0-DA3B-49A6-A287-BDA6161087E9}.Debug|Any CPU.ActiveCfg = Debug|Any CPU
		{06CBAAD0-DA3B-49A6-A287-BDA6161087E9}.Debug|Any CPU.Build.0 = Debug|Any CPU
		{06CBAAD0-DA3B-49A6-A287-BDA6161087E9}.Release|Any CPU.ActiveCfg = Release|Any CPU
		{06CBAAD0-DA3B-49A6-A287-BDA6161087E9}.Release|Any CPU.Build.0 = Release|Any CPU
	EndGlobalSection
	GlobalSection(SolutionProperties) = preSolution
		HideSolutionNode = FALSE
	EndGlobalSection
	GlobalSection(ExtensibilityGlobals) = postSolution
		SolutionGuid = {B16AD7EA-E67B-4138-B127-5DB2BDE82DE1}
	EndGlobalSection
EndGlobal
